<?xml version="1.0" encoding="utf-8"?>
<Project ToolsVersion="4.0" xmlns="http://schemas.microsoft.com/developer/msbuild/2003">
  <ItemGroup>
    <Filter Include="Source Files">
      <UniqueIdentifier>{4FC737F1-C7A5-4376-A066-2A32D752A2FF}</UniqueIdentifier>
      <Extensions>cpp;c;cc;cxx;c++;cppm;ixx;def;odl;idl;hpj;bat;asm;asmx</Extensions>
    </Filter>
    <Filter Include="Header Files">
      <UniqueIdentifier>{93995380-89BD-4b04-88EB-625FBE52EBFB}</UniqueIdentifier>
      <Extensions>h;hh;hpp;hxx;h++;hm;inl;inc;ipp;xsd</Extensions>
    </Filter>
    <Filter Include="Resource Files">
      <UniqueIdentifier>{67DA6AB6-F800-4c08-8B7A-83BB121AAD01}</UniqueIdentifier>
      <Extensions>rc;ico;cur;bmp;dlg;rc2;rct;bin;rgs;gif;jpg;jpeg;jpe;resx;tiff;tif;png;wav;mfcribbon-ms</Extensions>
    </Filter>
  </ItemGroup>
  <ItemGroup>
    <ClCompile Include="main.cpp">
      <Filter>Source Files</Filter>
    </ClCompile>
    <ClCompile Include="Entity.cpp">
      <Filter>Source Files</Filter>
    </ClCompile>
    <ClCompile Include="Editor.cpp">
      <Filter>Source Files</Filter>
    </ClCompile>
    <ClCompile Include="Portrait.cpp">
      <Filter>Source Files</Filter>
    </ClCompile>
    <ClCompile Include="AssetOptions.cpp">
      <Filter>Source Files</Filter>
    </ClCompile>
    <ClCompile Include="TextureManager.cpp">
      <Filter>Source Files</Filter>
    </ClCompile>
    <ClCompile Include="Utilities.cpp">
      <Filter>Source Files</Filter>
    </ClCompile>
    <ClCompile Include="Menu.cpp">
      <Filter>Source Files</Filter>
    </ClCompile>
    <ClCompile Include="Background.cpp">
      <Filter>Source Files</Filter>
    </ClCompile>
    <ClCompile Include="Town.cpp">
      <Filter>Source Files</Filter>
    </ClCompile>
    <ClCompile Include="TownBackground.cpp">
      <Filter>Source Files</Filter>
    </ClCompile>
    <ClCompile Include="Dante.cpp">
      <Filter>Source Files</Filter>
    </ClCompile>
    <ClCompile Include="TextBox.cpp">
      <Filter>Source Files</Filter>
    </ClCompile>
    <ClCompile Include="Dialogue.cpp">
      <Filter>Source Files</Filter>
    </ClCompile>
    <ClCompile Include="Button.cpp">
      <Filter>Source Files</Filter>
    </ClCompile>
    <ClCompile Include="Tiles.cpp">
      <Filter>Source Files</Filter>
    </ClCompile>
    <ClCompile Include="MarchingScreen.cpp">
      <Filter>Source Files</Filter>
    </ClCompile>
    <ClCompile Include="MarchingEntity.cpp">
      <Filter>Source Files</Filter>
    </ClCompile>
    <ClCompile Include="DialoguePlatform.cpp">
      <Filter>Source Files</Filter>
    </ClCompile>
    <ClCompile Include="DanteHorse.cpp">
      <Filter>Source Files</Filter>
    </ClCompile>
    <ClCompile Include="GateKeeper.cpp">
      <Filter>Source Files</Filter>
    </ClCompile>
    <ClCompile Include="SpecialEntity.cpp">
      <Filter>Source Files</Filter>
    </ClCompile>
    <ClCompile Include="UI.cpp">
      <Filter>Source Files</Filter>
    </ClCompile>
    <ClCompile Include="Recruiter.cpp">
      <Filter>Source Files</Filter>
    </ClCompile>
    <ClCompile Include="Battleground.cpp">
      <Filter>Source Files</Filter>
    </ClCompile>
    <ClCompile Include="BattleEntity.cpp">
      <Filter>Source Files</Filter>
    </ClCompile>
    <ClCompile Include="FootSoldier.cpp">
      <Filter>Source Files</Filter>
    </ClCompile>
    <ClCompile Include="RangedSoldier.cpp">
      <Filter>Source Files</Filter>
    </ClCompile>
    <ClCompile Include="MountedSoldier.cpp">
      <Filter>Source Files</Filter>
    </ClCompile>
    <ClCompile Include="Projectile.cpp">
      <Filter>Source Files</Filter>
    </ClCompile>
    <ClCompile Include="StrikeAndReturnSoldier.cpp">
      <Filter>Source Files</Filter>
    </ClCompile>
    <ClCompile Include="StrikeAndLure.cpp">
      <Filter>Source Files</Filter>
    </ClCompile>
    <ClCompile Include="SpiderQueen.cpp">
      <Filter>Source Files</Filter>
    </ClCompile>
    <ClCompile Include="SpellCaster.cpp">
      <Filter>Source Files</Filter>
    </ClCompile>
    <ClCompile Include="Angel.cpp">
      <Filter>Source Files</Filter>
    </ClCompile>
    <ClCompile Include="HolyBeam.cpp">
      <Filter>Source Files</Filter>
    </ClCompile>
    <ClCompile Include="PatrolingEntity.cpp">
      <Filter>Source Files</Filter>
    </ClCompile>
    <ClCompile Include="CampaignEntity.cpp">
      <Filter>Source Files</Filter>
    </ClCompile>
    <ClCompile Include="EnemyArmyCaptain.cpp">
      <Filter>Source Files</Filter>
    </ClCompile>
    <ClCompile Include="AudioManager.cpp">
      <Filter>Source Files</Filter>
    </ClCompile>
    <ClCompile Include="include\rmedia.c">
      <Filter>Source Files</Filter>
    </ClCompile>
    <ClCompile Include="Deck.cpp">
      <Filter>Source Files</Filter>
    </ClCompile>
    <ClCompile Include="Card.cpp">
      <Filter>Source Files</Filter>
    </ClCompile>
    <ClCompile Include="EnemyDeck.cpp">
      <Filter>Source Files</Filter>
    </ClCompile>
    <ClCompile Include="AnimatedAsset.cpp">
      <Filter>Source Files</Filter>
    </ClCompile>
    <ClCompile Include="SpellCard.cpp">
      <Filter>Source Files</Filter>
    </ClCompile>
    <ClCompile Include="BuffCard.cpp">
      <Filter>Source Files</Filter>
    </ClCompile>
    <ClCompile Include="DebuffCard.cpp">
      <Filter>Source Files</Filter>
    </ClCompile>
    <ClCompile Include="StateAlteringCard.cpp">
      <Filter>Source Files</Filter>
    </ClCompile>
    <ClCompile Include="BattleHero.cpp">
      <Filter>Source Files</Filter>
    </ClCompile>
    <ClCompile Include="AbilityIcon.cpp">
      <Filter>Source Files</Filter>
    </ClCompile>
  </ItemGroup>
  <ItemGroup>
    <ClInclude Include="Entity.h">
      <Filter>Header Files</Filter>
    </ClInclude>
    <ClInclude Include="Editor.h">
      <Filter>Header Files</Filter>
    </ClInclude>
    <ClInclude Include="Portrait.h">
      <Filter>Header Files</Filter>
    </ClInclude>
    <ClInclude Include="AssetOptions.h">
      <Filter>Header Files</Filter>
    </ClInclude>
    <ClInclude Include="TextureManager.h">
      <Filter>Header Files</Filter>
    </ClInclude>
    <ClInclude Include="Utilities.h">
      <Filter>Header Files</Filter>
    </ClInclude>
    <ClInclude Include="Menu.h">
      <Filter>Header Files</Filter>
    </ClInclude>
    <ClInclude Include="Background.h">
      <Filter>Header Files</Filter>
    </ClInclude>
    <ClInclude Include="Town.h">
      <Filter>Header Files</Filter>
    </ClInclude>
    <ClInclude Include="TownBackground.h">
      <Filter>Header Files</Filter>
    </ClInclude>
    <ClInclude Include="Dante.h">
      <Filter>Header Files</Filter>
    </ClInclude>
    <ClInclude Include="TextBox.h">
      <Filter>Header Files</Filter>
    </ClInclude>
    <ClInclude Include="Dialogue.h">
      <Filter>Header Files</Filter>
    </ClInclude>
    <ClInclude Include="Button.h">
      <Filter>Header Files</Filter>
    </ClInclude>
    <ClInclude Include="Tiles.h">
      <Filter>Header Files</Filter>
    </ClInclude>
    <ClInclude Include="MarchingScreen.h">
      <Filter>Header Files</Filter>
    </ClInclude>
    <ClInclude Include="MarchingEntity.h">
      <Filter>Header Files</Filter>
    </ClInclude>
    <ClInclude Include="DialoguePlatform.h">
      <Filter>Header Files</Filter>
    </ClInclude>
    <ClInclude Include="DanteHorse.h">
      <Filter>Header Files</Filter>
    </ClInclude>
    <ClInclude Include="GateKeeper.h">
      <Filter>Header Files</Filter>
    </ClInclude>
    <ClInclude Include="SpecialEntity.h">
      <Filter>Header Files</Filter>
    </ClInclude>
    <ClInclude Include="UI.h">
      <Filter>Header Files</Filter>
    </ClInclude>
    <ClInclude Include="Recruiter.h">
      <Filter>Header Files</Filter>
    </ClInclude>
    <ClInclude Include="Battleground.h">
      <Filter>Header Files</Filter>
    </ClInclude>
    <ClInclude Include="BattleEntity.h">
      <Filter>Header Files</Filter>
    </ClInclude>
    <ClInclude Include="FootSoldier.h">
      <Filter>Header Files</Filter>
    </ClInclude>
    <ClInclude Include="RangedSoldier.h">
      <Filter>Header Files</Filter>
    </ClInclude>
    <ClInclude Include="MountedSoldier.h">
      <Filter>Header Files</Filter>
    </ClInclude>
    <ClInclude Include="Projectile.h">
      <Filter>Header Files</Filter>
    </ClInclude>
    <ClInclude Include="StrikeAndReturnSoldier.h">
      <Filter>Header Files</Filter>
    </ClInclude>
    <ClInclude Include="StrikeAndLure.h">
      <Filter>Header Files</Filter>
    </ClInclude>
    <ClInclude Include="SpiderQueen.h">
      <Filter>Header Files</Filter>
    </ClInclude>
    <ClInclude Include="SpellCaster.h">
      <Filter>Header Files</Filter>
    </ClInclude>
    <ClInclude Include="Angel.h">
      <Filter>Header Files</Filter>
    </ClInclude>
    <ClInclude Include="HolyBeam.h">
      <Filter>Header Files</Filter>
    </ClInclude>
    <ClInclude Include="PatrolingEntity.h">
      <Filter>Header Files</Filter>
    </ClInclude>
    <ClInclude Include="CampaignEntity.h">
      <Filter>Header Files</Filter>
    </ClInclude>
    <ClInclude Include="EnemyArmyCaptain.h">
      <Filter>Header Files</Filter>
    </ClInclude>
    <ClInclude Include="AudioManager.h">
      <Filter>Header Files</Filter>
    </ClInclude>
    <ClInclude Include="include\raymedia.h">
      <Filter>Header Files</Filter>
    </ClInclude>
    <ClInclude Include="Deck.h">
      <Filter>Header Files</Filter>
    </ClInclude>
    <ClInclude Include="Card.h">
      <Filter>Header Files</Filter>
    </ClInclude>
    <ClInclude Include="EnemyDeck.h">
      <Filter>Header Files</Filter>
    </ClInclude>
    <ClInclude Include="AnimatedAsset.h">
      <Filter>Header Files</Filter>
    </ClInclude>
    <ClInclude Include="SpellCard.h">
      <Filter>Header Files</Filter>
    </ClInclude>
    <ClInclude Include="BuffCard.h">
      <Filter>Header Files</Filter>
    </ClInclude>
    <ClInclude Include="DebuffCard.h">
      <Filter>Header Files</Filter>
    </ClInclude>
    <ClInclude Include="StateAlteringCard.h">
      <Filter>Header Files</Filter>
    </ClInclude>
    <ClInclude Include="BattleHero.h">
      <Filter>Header Files</Filter>
    </ClInclude>
    <ClInclude Include="AbilityIcon.h">
      <Filter>Header Files</Filter>
    </ClInclude>
  </ItemGroup>
</Project>